
Microsoft Visual Studio Solution File, Format Version 12.00
# Visual Studio 15
VisualStudioVersion = 15.0.27130.2024
MinimumVisualStudioVersion = 10.0.40219.1
Project("{FAE04EC0-301F-11D3-BF4B-00C04F79EFBC}") = "CIS_200_Prog_1", "CIS_200_Prog_1\CIS_200_Prog_1.csproj", "{A8511322-F8B5-4AD9-9947-F774C87201A7}"
EndProject
Global
	GlobalSection(SolutionConfigurationPlatforms) = preSolution
		Debug|Any CPU = Debug|Any CPU
		Release|Any CPU = Release|Any CPU
	EndGlobalSection
	GlobalSection(ProjectConfigurationPlatforms) = postSolution
		{A8511322-F8B5-4AD9-9947-F774C87201A7}.Debug|Any CPU.ActiveCfg = Debug|Any CPU
		{A8511322-F8B5-4AD9-9947-F774C87201A7}.Debug|Any CPU.Build.0 = Debug|Any CPU
		{A8511322-F8B5-4AD9-9947-F774C87201A7}.Release|Any CPU.ActiveCfg = Release|Any CPU
		{A8511322-F8B5-4AD9-9947-F774C87201A7}.Release|Any CPU.Build.0 = Release|Any CPU
	EndGlobalSection
	GlobalSection(SolutionProperties) = preSolution
		HideSolutionNode = FALSE
	EndGlobalSection
	GlobalSection(ExtensibilityGlobals) = postSolution
		SolutionGuid = {5F13C353-F7DB-4ADC-BDDC-36A7813A746E}
	EndGlobalSection
EndGlobal
